
Microsoft Visual Studio Solution File, Format Version 12.00
# Visual Studio Express 2012 for Windows Desktop
Project("{FAE04EC0-301F-11D3-BF4B-00C04F79EFBC}") = "ForDrives", "ForDrives\ForDrives.csproj", "{86B68ABE-B8D9-463A-9D77-64C8609CBBD7}"
EndProject
Global
	GlobalSection(SolutionConfigurationPlatforms) = preSolution
		Debug|Any CPU = Debug|Any CPU
		Release|Any CPU = Release|Any CPU
	EndGlobalSection
	GlobalSection(ProjectConfigurationPlatforms) = postSolution
		{86B68ABE-B8D9-463A-9D77-64C8609CBBD7}.Debug|Any CPU.ActiveCfg = Debug|Any CPU
		{86B68ABE-B8D9-463A-9D77-64C8609CBBD7}.Debug|Any CPU.Build.0 = Debug|Any CPU
		{86B68ABE-B8D9-463A-9D77-64C8609CBBD7}.Release|Any CPU.ActiveCfg = Release|Any CPU
		{86B68ABE-B8D9-463A-9D77-64C8609CBBD7}.Release|Any CPU.Build.0 = Release|Any CPU
	EndGlobalSection
	GlobalSection(SolutionProperties) = preSolution
		HideSolutionNode = FALSE
	EndGlobalSection
EndGlobal
