
Microsoft Visual Studio Solution File, Format Version 12.00
# Visual Studio 14
VisualStudioVersion = 14.0.25420.1
MinimumVisualStudioVersion = 10.0.40219.1
Project("{FAE04EC0-301F-11D3-BF4B-00C04F79EFBC}") = "ForDrives", "ForDrives\ForDrives.csproj", "{86B68ABE-B8D9-463A-9D77-64C8609CBBD7}"
EndProject
Project("{FAE04EC0-301F-11D3-BF4B-00C04F79EFBC}") = "ForDrives.Services", "ForDrives.Services\ForDrives.Services.csproj", "{89ECB21F-E5F0-4F6A-A129-AF647547413F}"
EndProject
Project("{FAE04EC0-301F-11D3-BF4B-00C04F79EFBC}") = "ForDrives.Services.UnitTest", "ForDrives.Services.UnitTest\ForDrives.Services.UnitTest.csproj", "{FE987AC8-5870-45E9-ADED-90738A917E19}"
EndProject
Global
	GlobalSection(SolutionConfigurationPlatforms) = preSolution
		Debug|Any CPU = Debug|Any CPU
		Release|Any CPU = Release|Any CPU
	EndGlobalSection
	GlobalSection(ProjectConfigurationPlatforms) = postSolution
		{86B68ABE-B8D9-463A-9D77-64C8609CBBD7}.Debug|Any CPU.ActiveCfg = Debug|Any CPU
		{86B68ABE-B8D9-463A-9D77-64C8609CBBD7}.Debug|Any CPU.Build.0 = Debug|Any CPU
		{86B68ABE-B8D9-463A-9D77-64C8609CBBD7}.Release|Any CPU.ActiveCfg = Release|Any CPU
		{86B68ABE-B8D9-463A-9D77-64C8609CBBD7}.Release|Any CPU.Build.0 = Release|Any CPU
		{89ECB21F-E5F0-4F6A-A129-AF647547413F}.Debug|Any CPU.ActiveCfg = Debug|Any CPU
		{89ECB21F-E5F0-4F6A-A129-AF647547413F}.Debug|Any CPU.Build.0 = Debug|Any CPU
		{89ECB21F-E5F0-4F6A-A129-AF647547413F}.Release|Any CPU.ActiveCfg = Release|Any CPU
		{89ECB21F-E5F0-4F6A-A129-AF647547413F}.Release|Any CPU.Build.0 = Release|Any CPU
		{FE987AC8-5870-45E9-ADED-90738A917E19}.Debug|Any CPU.ActiveCfg = Debug|Any CPU
		{FE987AC8-5870-45E9-ADED-90738A917E19}.Debug|Any CPU.Build.0 = Debug|Any CPU
		{FE987AC8-5870-45E9-ADED-90738A917E19}.Release|Any CPU.ActiveCfg = Release|Any CPU
		{FE987AC8-5870-45E9-ADED-90738A917E19}.Release|Any CPU.Build.0 = Release|Any CPU
	EndGlobalSection
	GlobalSection(SolutionProperties) = preSolution
		HideSolutionNode = FALSE
	EndGlobalSection
EndGlobal
